
Microsoft Visual Studio Solution File, Format Version 12.00
# Visual Studio Version 16
VisualStudioVersion = 16.0.29515.123
MinimumVisualStudioVersion = 10.0.40219.1
Project("{FAE04EC0-301F-11D3-BF4B-00C04F79EFBC}") = "NicoNico.Net", "NicoNico.Net\NicoNico.Net.csproj", "{AEF250C3-998A-4937-BDAF-123277A85FF7}"
EndProject
Project("{FAE04EC0-301F-11D3-BF4B-00C04F79EFBC}") = "NicoNico.Net.Test", "NicoNico.Net.Test\NicoNico.Net.Test.csproj", "{5151CF87-B8DD-4FDB-8817-F452658F3111}"
EndProject
Global
	GlobalSection(SolutionConfigurationPlatforms) = preSolution
		Debug|Any CPU = Debug|Any CPU
		Release|Any CPU = Release|Any CPU
	EndGlobalSection
	GlobalSection(ProjectConfigurationPlatforms) = postSolution
		{AEF250C3-998A-4937-BDAF-123277A85FF7}.Debug|Any CPU.ActiveCfg = Debug|Any CPU
		{AEF250C3-998A-4937-BDAF-123277A85FF7}.Debug|Any CPU.Build.0 = Debug|Any CPU
		{AEF250C3-998A-4937-BDAF-123277A85FF7}.Release|Any CPU.ActiveCfg = Release|Any CPU
		{AEF250C3-998A-4937-BDAF-123277A85FF7}.Release|Any CPU.Build.0 = Release|Any CPU
		{5151CF87-B8DD-4FDB-8817-F452658F3111}.Debug|Any CPU.ActiveCfg = Debug|Any CPU
		{5151CF87-B8DD-4FDB-8817-F452658F3111}.Debug|Any CPU.Build.0 = Debug|Any CPU
		{5151CF87-B8DD-4FDB-8817-F452658F3111}.Release|Any CPU.ActiveCfg = Release|Any CPU
		{5151CF87-B8DD-4FDB-8817-F452658F3111}.Release|Any CPU.Build.0 = Release|Any CPU
	EndGlobalSection
	GlobalSection(SolutionProperties) = preSolution
		HideSolutionNode = FALSE
	EndGlobalSection
	GlobalSection(ExtensibilityGlobals) = postSolution
		SolutionGuid = {9C753953-02A0-408A-90DE-260B751624CF}
	EndGlobalSection
EndGlobal
